// !$*UTF8*$!
{
	archiveVersion = 1;
	classes = {
	};
	objectVersion = 55;
	objects = {

/* Begin PBXBuildFile section */
		76B46F8EFBE36A7A56A19BF2 /* Pods_SpookySpotsTests.framework in Frameworks */ = {isa = PBXBuildFile; fileRef = 1045941F6DF120A541BD258D /* Pods_SpookySpotsTests.framework */; };
		8AAC04B06C95F4A0ACDA9E34 /* Pods_SpookySpots_SpookySpotsUITests.framework in Frameworks */ = {isa = PBXBuildFile; fileRef = C080B1CFC246A0DFBDB4106B /* Pods_SpookySpots_SpookySpotsUITests.framework */; };
		A8874B18C2309F93303D8C02 /* Pods_SpookySpots.framework in Frameworks */ = {isa = PBXBuildFile; fileRef = FC76E2FFECCDCA9ACE2BDDA9 /* Pods_SpookySpots.framework */; };
		C9087BE82809AC1D00372502 /* SettingsPage.swift in Sources */ = {isa = PBXBuildFile; fileRef = C9087BE72809AC1D00372502 /* SettingsPage.swift */; };
		C9187F39280A8C550064627C /* Favorites.swift in Sources */ = {isa = PBXBuildFile; fileRef = C9187F38280A8C550064627C /* Favorites.swift */; };
		C9187F3B280AFB520064627C /* Account.swift in Sources */ = {isa = PBXBuildFile; fileRef = C9187F3A280AFB520064627C /* Account.swift */; };
		C9187F3D280B07070064627C /* MainLocCell.swift in Sources */ = {isa = PBXBuildFile; fileRef = C9187F3C280B07070064627C /* MainLocCell.swift */; };
		C91BBB782898C90A005D1968 /* TripCDModel.xcdatamodeld in Sources */ = {isa = PBXBuildFile; fileRef = C91BBB762898C90A005D1968 /* TripCDModel.xcdatamodeld */; };
		C91BBB7B28A0138E005D1968 /* PersistenceController.swift in Sources */ = {isa = PBXBuildFile; fileRef = C91BBB7A28A0138E005D1968 /* PersistenceController.swift */; };
		C92C63A7280A81140035C793 /* ProfilePage.swift in Sources */ = {isa = PBXBuildFile; fileRef = C92C63A6280A81140035C793 /* ProfilePage.swift */; };
		C92DB77928A48615009B7646 /* overlay.json in Resources */ = {isa = PBXBuildFile; fileRef = C92DB77828A48615009B7646 /* overlay.json */; };
		C92DB77B28A7F8E2009B7646 /* SplashScreen.swift in Sources */ = {isa = PBXBuildFile; fileRef = C92DB77A28A7F8E2009B7646 /* SplashScreen.swift */; };
		C92DB77D28A8348E009B7646 /* PinIcon.png in Resources */ = {isa = PBXBuildFile; fileRef = C92DB77C28A8348E009B7646 /* PinIcon.png */; };
		C92DB77F28A83679009B7646 /* Logo.png in Resources */ = {isa = PBXBuildFile; fileRef = C92DB77E28A83678009B7646 /* Logo.png */; };
		C92DB78128A85E23009B7646 /* LaunchScreen.storyboard in Resources */ = {isa = PBXBuildFile; fileRef = C92DB78028A85E23009B7646 /* LaunchScreen.storyboard */; };
		C936DC992863F51900D10C65 /* Destination.swift in Sources */ = {isa = PBXBuildFile; fileRef = C936DC982863F51900D10C65 /* Destination.swift */; };
		C936DC9D288EF48C00D10C65 /* Route.swift in Sources */ = {isa = PBXBuildFile; fileRef = C936DC9C288EF48A00D10C65 /* Route.swift */; };
		C938C25628C3C54B006D6D7D /* TheTripPage.swift in Sources */ = {isa = PBXBuildFile; fileRef = C938C25528C3C54B006D6D7D /* TheTripPage.swift */; };
		C94046A127F56C97006837D6 /* PagedScrollViewModifier.swift in Sources */ = {isa = PBXBuildFile; fileRef = C94046A027F56C97006837D6 /* PagedScrollViewModifier.swift */; };
		C94046DE27F9210A006837D6 /* LargeImageLocationView.swift in Sources */ = {isa = PBXBuildFile; fileRef = C94046DD27F9210A006837D6 /* LargeImageLocationView.swift */; };
		C94046E027F93867006837D6 /* HotelPriceManager.swift in Sources */ = {isa = PBXBuildFile; fileRef = C94046DF27F93867006837D6 /* HotelPriceManager.swift */; };
		C94046E227F9469B006837D6 /* HotelPriceData.swift in Sources */ = {isa = PBXBuildFile; fileRef = C94046E127F9469B006837D6 /* HotelPriceData.swift */; };
		C94046E427F946A5006837D6 /* HotelPriceModel.swift in Sources */ = {isa = PBXBuildFile; fileRef = C94046E327F946A5006837D6 /* HotelPriceModel.swift */; };
		C94046EA27F95D44006837D6 /* LocationDataModel.swift in Sources */ = {isa = PBXBuildFile; fileRef = C94046E927F95D44006837D6 /* LocationDataModel.swift */; };
		C94046EE27F95E82006837D6 /* Review.swift in Sources */ = {isa = PBXBuildFile; fileRef = C94046ED27F95E82006837D6 /* Review.swift */; };
		C94046F027FD4C3F006837D6 /* CLGeocoderTests.swift in Sources */ = {isa = PBXBuildFile; fileRef = C94046EF27FD4C3F006837D6 /* CLGeocoderTests.swift */; };
		C9689DD72807944A001C8FB5 /* Authorization.swift in Sources */ = {isa = PBXBuildFile; fileRef = C9689DD62807944A001C8FB5 /* Authorization.swift */; };
		C9689DD928084AA3001C8FB5 /* CreativeSignInUp.swift in Sources */ = {isa = PBXBuildFile; fileRef = C9689DD828084AA3001C8FB5 /* CreativeSignInUp.swift */; };
		C96A50C127EE2EF600E44B9F /* LocationAnnotationModel.swift in Sources */ = {isa = PBXBuildFile; fileRef = C96A50C027EE2EF600E44B9F /* LocationAnnotationModel.swift */; };
		C96A50C727F14CA600E44B9F /* AppDelegate.swift in Sources */ = {isa = PBXBuildFile; fileRef = C96A50C627F14CA600E44B9F /* AppDelegate.swift */; };
		C96A50C927F16A3E00E44B9F /* GeoFireManager.swift in Sources */ = {isa = PBXBuildFile; fileRef = C96A50C827F16A3E00E44B9F /* GeoFireManager.swift */; };
		C96BA74D282B2E3A00BEFD3D /* MapForNavigation.swift in Sources */ = {isa = PBXBuildFile; fileRef = C96BA74C282B2E3A00BEFD3D /* MapForNavigation.swift */; };
		C96BA74F282B30A100BEFD3D /* NavigationLogic.swift in Sources */ = {isa = PBXBuildFile; fileRef = C96BA74E282B30A100BEFD3D /* NavigationLogic.swift */; };
		C96BBCED289364540075A86C /* CoreDataManager.swift in Sources */ = {isa = PBXBuildFile; fileRef = C96BBCEC289364540075A86C /* CoreDataManager.swift */; };
		C9A8C9EF27ED621000116B61 /* SpookySpotsApp.swift in Sources */ = {isa = PBXBuildFile; fileRef = C9A8C9EE27ED621000116B61 /* SpookySpotsApp.swift */; };
		C9A8C9F127ED621000116B61 /* ContentView.swift in Sources */ = {isa = PBXBuildFile; fileRef = C9A8C9F027ED621000116B61 /* ContentView.swift */; };
		C9A8C9F327ED621000116B61 /* Assets.xcassets in Resources */ = {isa = PBXBuildFile; fileRef = C9A8C9F227ED621000116B61 /* Assets.xcassets */; };
		C9A8C9F627ED621000116B61 /* Preview Assets.xcassets in Resources */ = {isa = PBXBuildFile; fileRef = C9A8C9F527ED621000116B61 /* Preview Assets.xcassets */; };
		C9A8CA0027ED621000116B61 /* SpookySpotsTests.swift in Sources */ = {isa = PBXBuildFile; fileRef = C9A8C9FF27ED621000116B61 /* SpookySpotsTests.swift */; };
		C9A8CA0A27ED621100116B61 /* SpookySpotsUITests.swift in Sources */ = {isa = PBXBuildFile; fileRef = C9A8CA0927ED621100116B61 /* SpookySpotsUITests.swift */; };
		C9A8CA0C27ED621100116B61 /* SpookySpotsUITestsLaunchTests.swift in Sources */ = {isa = PBXBuildFile; fileRef = C9A8CA0B27ED621100116B61 /* SpookySpotsUITestsLaunchTests.swift */; };
		C9A8CA2C27ED784500116B61 /* LocationData.swift in Sources */ = {isa = PBXBuildFile; fileRef = C9A8CA2B27ED784500116B61 /* LocationData.swift */; };
		C9A8CA2E27ED787A00116B61 /* User.swift in Sources */ = {isa = PBXBuildFile; fileRef = C9A8CA2D27ED787A00116B61 /* User.swift */; };
		C9A8CA3027ED78C800116B61 /* Address.swift in Sources */ = {isa = PBXBuildFile; fileRef = C9A8CA2F27ED78C800116B61 /* Address.swift */; };
		C9A8CA3427ED791A00116B61 /* LocationStore.swift in Sources */ = {isa = PBXBuildFile; fileRef = C9A8CA3327ED791A00116B61 /* LocationStore.swift */; };
		C9A8CA3627ED793300116B61 /* UserStore.swift in Sources */ = {isa = PBXBuildFile; fileRef = C9A8CA3527ED793300116B61 /* UserStore.swift */; };
		C9A8CA3827ED795600116B61 /* UserLocationManager.swift in Sources */ = {isa = PBXBuildFile; fileRef = C9A8CA3727ED795600116B61 /* UserLocationManager.swift */; };
		C9A8CA3A27ED799400116B61 /* FirebaseManager.swift in Sources */ = {isa = PBXBuildFile; fileRef = C9A8CA3927ED799400116B61 /* FirebaseManager.swift */; };
		C9A8CA3C27ED79D100116B61 /* LocalSearchService.swift in Sources */ = {isa = PBXBuildFile; fileRef = C9A8CA3B27ED79D100116B61 /* LocalSearchService.swift */; };
		C9A8CA4927ED7B0B00116B61 /* ExploreByList.swift in Sources */ = {isa = PBXBuildFile; fileRef = C9A8CA4827ED7B0B00116B61 /* ExploreByList.swift */; };
		C9A8CA4B27ED7B2300116B61 /* LocationCollection.swift in Sources */ = {isa = PBXBuildFile; fileRef = C9A8CA4A27ED7B2300116B61 /* LocationCollection.swift */; };
		C9A8CA5127ED7BE500116B61 /* TripScreen.swift in Sources */ = {isa = PBXBuildFile; fileRef = C9A8CA5027ED7BE500116B61 /* TripScreen.swift */; };
		C9A8CA5327ED7BFF00116B61 /* MapForTrip.swift in Sources */ = {isa = PBXBuildFile; fileRef = C9A8CA5227ED7BFF00116B61 /* MapForTrip.swift */; };
		C9A8CA5527ED7C1A00116B61 /* ChangeStartAndStop.swift in Sources */ = {isa = PBXBuildFile; fileRef = C9A8CA5427ED7C1A00116B61 /* ChangeStartAndStop.swift */; };
		C9A8CA5727ED7C6100116B61 /* ExploreByMap.swift in Sources */ = {isa = PBXBuildFile; fileRef = C9A8CA5627ED7C6100116B61 /* ExploreByMap.swift */; };
		C9A8CA5927ED7D4100116B61 /* TabBarSetup.swift in Sources */ = {isa = PBXBuildFile; fileRef = C9A8CA5827ED7D4100116B61 /* TabBarSetup.swift */; };
		C9A8CA5E27ED7DA500116B61 /* SearchBar.swift in Sources */ = {isa = PBXBuildFile; fileRef = C9A8CA5D27ED7DA500116B61 /* SearchBar.swift */; };
		C9A8CA6027ED7DC300116B61 /* FiveStars.swift in Sources */ = {isa = PBXBuildFile; fileRef = C9A8CA5F27ED7DC300116B61 /* FiveStars.swift */; };
		C9A8CA6227ED7DDE00116B61 /* SlideOverCard.swift in Sources */ = {isa = PBXBuildFile; fileRef = C9A8CA6127ED7DDE00116B61 /* SlideOverCard.swift */; };
		C9A8CA6427ED7DF900116B61 /* CustomScrollView.swift in Sources */ = {isa = PBXBuildFile; fileRef = C9A8CA6327ED7DF900116B61 /* CustomScrollView.swift */; };
		C9A8CA6727ED7EA400116B61 /* CircularButton.swift in Sources */ = {isa = PBXBuildFile; fileRef = C9A8CA6627ED7EA400116B61 /* CircularButton.swift */; };
		C9A8CA6927ED7F1000116B61 /* ExploreViewModel.swift in Sources */ = {isa = PBXBuildFile; fileRef = C9A8CA6827ED7F1000116B61 /* ExploreViewModel.swift */; };
		C9A8CA6D27ED7F5300116B61 /* TripPageVM.swift in Sources */ = {isa = PBXBuildFile; fileRef = C9A8CA6C27ED7F5300116B61 /* TripPageVM.swift */; };
		C9A8CA7027ED800900116B61 /* SDWebImageSwiftUI in Frameworks */ = {isa = PBXBuildFile; productRef = C9A8CA6F27ED800900116B61 /* SDWebImageSwiftUI */; };
		C9A8CA7227ED826500116B61 /* GoogleService-Info.plist in Resources */ = {isa = PBXBuildFile; fileRef = C9A8CA7127ED826500116B61 /* GoogleService-Info.plist */; };
		C9A9CEEB2819A08C00D4A1F9 /* LD.swift in Sources */ = {isa = PBXBuildFile; fileRef = C9A9CEEA2819A08C00D4A1F9 /* LD.swift */; };
		C9A9CEF0281BA03800D4A1F9 /* Custom Fonts.swift in Sources */ = {isa = PBXBuildFile; fileRef = C9A9CEEF281BA03800D4A1F9 /* Custom Fonts.swift */; };
		C9C1E41C28034B430050EF39 /* MapViewUI.swift in Sources */ = {isa = PBXBuildFile; fileRef = C9C1E41B28034B430050EF39 /* MapViewUI.swift */; };
		C9D36C622808F32800C9AFAF /* MapKit.framework in Frameworks */ = {isa = PBXBuildFile; fileRef = C9D36C612808F32800C9AFAF /* MapKit.framework */; };
		C9D36C642808F34300C9AFAF /* AudioToolbox.framework in Frameworks */ = {isa = PBXBuildFile; fileRef = C9D36C632808F34300C9AFAF /* AudioToolbox.framework */; };
		C9D5642228ACBB4800DBD631 /* FavoritesCell.swift in Sources */ = {isa = PBXBuildFile; fileRef = C9D5642128ACBB4800DBD631 /* FavoritesCell.swift */; };
		C9D5642428AF057200DBD631 /* LocationReviewView.swift in Sources */ = {isa = PBXBuildFile; fileRef = C9D5642328AF057200DBD631 /* LocationReviewView.swift */; };
		C9D5642728B0855200DBD631 /* AddLocationView.swift in Sources */ = {isa = PBXBuildFile; fileRef = C9D5642628B0855200DBD631 /* AddLocationView.swift */; };
		C9D5642928B7BCF800DBD631 /* SignUp.swift in Sources */ = {isa = PBXBuildFile; fileRef = C9D5642828B7BCF800DBD631 /* SignUp.swift */; };
		C9D5642B28B7BD1300DBD631 /* LogIn.swift in Sources */ = {isa = PBXBuildFile; fileRef = C9D5642A28B7BD1300DBD631 /* LogIn.swift */; };
		C9D5642F28B7BEE400DBD631 /* LogoStyle.swift in Sources */ = {isa = PBXBuildFile; fileRef = C9D5642E28B7BEE400DBD631 /* LogoStyle.swift */; };
		C9D5643128BAB9AF00DBD631 /* NotificationBanner.swift in Sources */ = {isa = PBXBuildFile; fileRef = C9D5643028BAB9AF00DBD631 /* NotificationBanner.swift */; };
		C9D5643328BBE5D100DBD631 /* ManageReviews.swift in Sources */ = {isa = PBXBuildFile; fileRef = C9D5643228BBE5D100DBD631 /* ManageReviews.swift */; };
		C9D5643528BF1DC300DBD631 /* Network.swift in Sources */ = {isa = PBXBuildFile; fileRef = C9D5643428BF1DC300DBD631 /* Network.swift */; };
		C9DC7C0D28174F9500E8E71C /* Sources.swift in Sources */ = {isa = PBXBuildFile; fileRef = C9DC7C0C28174F9500E8E71C /* Sources.swift */; };
		C9DC7C0F2817A09100E8E71C /* FullImageDisplay.swift in Sources */ = {isa = PBXBuildFile; fileRef = C9DC7C0E2817A09100E8E71C /* FullImageDisplay.swift */; };
		C9DC7C132817AC1100E8E71C /* LocationModel.swift in Sources */ = {isa = PBXBuildFile; fileRef = C9DC7C122817AC1100E8E71C /* LocationModel.swift */; };
		C9DC7C17281828DC00E8E71C /* PagedImageView.swift in Sources */ = {isa = PBXBuildFile; fileRef = C9DC7C16281828DC00E8E71C /* PagedImageView.swift */; };
		C9EFD62028204E5B00B3BFDC /* FavoritesLogic.swift in Sources */ = {isa = PBXBuildFile; fileRef = C9EFD61F28204E5B00B3BFDC /* FavoritesLogic.swift */; };
		C9EFD6252826B4B200B3BFDC /* TripPage.swift in Sources */ = {isa = PBXBuildFile; fileRef = C9EFD6242826B4B200B3BFDC /* TripPage.swift */; };
		C9EFD6272826B98800B3BFDC /* TripLogic.swift in Sources */ = {isa = PBXBuildFile; fileRef = C9EFD6262826B98800B3BFDC /* TripLogic.swift */; };
		C9F3F444282A9EEA00D794CE /* NavigationScreen.swift in Sources */ = {isa = PBXBuildFile; fileRef = C9F3F443282A9EEA00D794CE /* NavigationScreen.swift */; };
		C9FC76D728149AA1005777AF /* Constants.swift in Sources */ = {isa = PBXBuildFile; fileRef = C9FC76D628149AA1005777AF /* Constants.swift */; };
		C9FC76D928149ECF005777AF /* DatabaseView.swift in Sources */ = {isa = PBXBuildFile; fileRef = C9FC76D828149ECF005777AF /* DatabaseView.swift */; };
		C9FC76DB2814EFE3005777AF /* Trip.swift in Sources */ = {isa = PBXBuildFile; fileRef = C9FC76DA2814EFE3005777AF /* Trip.swift */; };
/* End PBXBuildFile section */

/* Begin PBXContainerItemProxy section */
		C9A8C9FC27ED621000116B61 /* PBXContainerItemProxy */ = {
			isa = PBXContainerItemProxy;
			containerPortal = C9A8C9E327ED621000116B61 /* Project object */;
			proxyType = 1;
			remoteGlobalIDString = C9A8C9EA27ED621000116B61;
			remoteInfo = SpookySpots;
		};
		C9A8CA0627ED621100116B61 /* PBXContainerItemProxy */ = {
			isa = PBXContainerItemProxy;
			containerPortal = C9A8C9E327ED621000116B61 /* Project object */;
			proxyType = 1;
			remoteGlobalIDString = C9A8C9EA27ED621000116B61;
			remoteInfo = SpookySpots;
		};
/* End PBXContainerItemProxy section */

/* Begin PBXFileReference section */
		1045941F6DF120A541BD258D /* Pods_SpookySpotsTests.framework */ = {isa = PBXFileReference; explicitFileType = wrapper.framework; includeInIndex = 0; path = Pods_SpookySpotsTests.framework; sourceTree = BUILT_PRODUCTS_DIR; };
		435461CA08197679A2463ACA /* Pods-SpookySpotsTests.debug.xcconfig */ = {isa = PBXFileReference; includeInIndex = 1; lastKnownFileType = text.xcconfig; name = "Pods-SpookySpotsTests.debug.xcconfig"; path = "Target Support Files/Pods-SpookySpotsTests/Pods-SpookySpotsTests.debug.xcconfig"; sourceTree = "<group>"; };
		55D0426BFF2742F7B7CC6ED9 /* Pods-SpookySpots.debug.xcconfig */ = {isa = PBXFileReference; includeInIndex = 1; lastKnownFileType = text.xcconfig; name = "Pods-SpookySpots.debug.xcconfig"; path = "Target Support Files/Pods-SpookySpots/Pods-SpookySpots.debug.xcconfig"; sourceTree = "<group>"; };
		57B6433C7649D0A19E873DE4 /* Pods-SpookySpots-SpookySpotsUITests.debug.xcconfig */ = {isa = PBXFileReference; includeInIndex = 1; lastKnownFileType = text.xcconfig; name = "Pods-SpookySpots-SpookySpotsUITests.debug.xcconfig"; path = "Target Support Files/Pods-SpookySpots-SpookySpotsUITests/Pods-SpookySpots-SpookySpotsUITests.debug.xcconfig"; sourceTree = "<group>"; };
		7A834B86C411430A716ACFF8 /* Pods-SpookySpotsTests.release.xcconfig */ = {isa = PBXFileReference; includeInIndex = 1; lastKnownFileType = text.xcconfig; name = "Pods-SpookySpotsTests.release.xcconfig"; path = "Target Support Files/Pods-SpookySpotsTests/Pods-SpookySpotsTests.release.xcconfig"; sourceTree = "<group>"; };
		A9F8889D78EF0D4527820B69 /* Pods-SpookySpots-SpookySpotsUITests.release.xcconfig */ = {isa = PBXFileReference; includeInIndex = 1; lastKnownFileType = text.xcconfig; name = "Pods-SpookySpots-SpookySpotsUITests.release.xcconfig"; path = "Target Support Files/Pods-SpookySpots-SpookySpotsUITests/Pods-SpookySpots-SpookySpotsUITests.release.xcconfig"; sourceTree = "<group>"; };
		C080B1CFC246A0DFBDB4106B /* Pods_SpookySpots_SpookySpotsUITests.framework */ = {isa = PBXFileReference; explicitFileType = wrapper.framework; includeInIndex = 0; path = Pods_SpookySpots_SpookySpotsUITests.framework; sourceTree = BUILT_PRODUCTS_DIR; };
		C9087BE72809AC1D00372502 /* SettingsPage.swift */ = {isa = PBXFileReference; lastKnownFileType = sourcecode.swift; path = SettingsPage.swift; sourceTree = "<group>"; };
		C9187F38280A8C550064627C /* Favorites.swift */ = {isa = PBXFileReference; lastKnownFileType = sourcecode.swift; path = Favorites.swift; sourceTree = "<group>"; };
		C9187F3A280AFB520064627C /* Account.swift */ = {isa = PBXFileReference; lastKnownFileType = sourcecode.swift; path = Account.swift; sourceTree = "<group>"; };
		C9187F3C280B07070064627C /* MainLocCell.swift */ = {isa = PBXFileReference; lastKnownFileType = sourcecode.swift; path = MainLocCell.swift; sourceTree = "<group>"; };
		C91BBB772898C90A005D1968 /* TripCDModel.xcdatamodel */ = {isa = PBXFileReference; lastKnownFileType = wrapper.xcdatamodel; path = TripCDModel.xcdatamodel; sourceTree = "<group>"; };
		C91BBB7A28A0138E005D1968 /* PersistenceController.swift */ = {isa = PBXFileReference; lastKnownFileType = sourcecode.swift; path = PersistenceController.swift; sourceTree = "<group>"; };
		C92C63A6280A81140035C793 /* ProfilePage.swift */ = {isa = PBXFileReference; lastKnownFileType = sourcecode.swift; path = ProfilePage.swift; sourceTree = "<group>"; };
		C92DB77828A48615009B7646 /* overlay.json */ = {isa = PBXFileReference; fileEncoding = 4; lastKnownFileType = text.json; path = overlay.json; sourceTree = "<group>"; };
		C92DB77A28A7F8E2009B7646 /* SplashScreen.swift */ = {isa = PBXFileReference; lastKnownFileType = sourcecode.swift; path = SplashScreen.swift; sourceTree = "<group>"; };
		C92DB77C28A8348E009B7646 /* PinIcon.png */ = {isa = PBXFileReference; lastKnownFileType = image.png; path = PinIcon.png; sourceTree = "<group>"; };
		C92DB77E28A83678009B7646 /* Logo.png */ = {isa = PBXFileReference; lastKnownFileType = image.png; path = Logo.png; sourceTree = "<group>"; };
		C92DB78028A85E23009B7646 /* LaunchScreen.storyboard */ = {isa = PBXFileReference; lastKnownFileType = file.storyboard; path = LaunchScreen.storyboard; sourceTree = "<group>"; };
		C936DC982863F51900D10C65 /* Destination.swift */ = {isa = PBXFileReference; lastKnownFileType = sourcecode.swift; path = Destination.swift; sourceTree = "<group>"; };
		C936DC9C288EF48A00D10C65 /* Route.swift */ = {isa = PBXFileReference; lastKnownFileType = sourcecode.swift; path = Route.swift; sourceTree = "<group>"; };
		C938C25528C3C54B006D6D7D /* TheTripPage.swift */ = {isa = PBXFileReference; lastKnownFileType = sourcecode.swift; path = TheTripPage.swift; sourceTree = "<group>"; };
		C94046A027F56C97006837D6 /* PagedScrollViewModifier.swift */ = {isa = PBXFileReference; lastKnownFileType = sourcecode.swift; path = PagedScrollViewModifier.swift; sourceTree = "<group>"; };
		C94046DD27F9210A006837D6 /* LargeImageLocationView.swift */ = {isa = PBXFileReference; lastKnownFileType = sourcecode.swift; path = LargeImageLocationView.swift; sourceTree = "<group>"; };
		C94046DF27F93867006837D6 /* HotelPriceManager.swift */ = {isa = PBXFileReference; lastKnownFileType = sourcecode.swift; path = HotelPriceManager.swift; sourceTree = "<group>"; };
		C94046E127F9469B006837D6 /* HotelPriceData.swift */ = {isa = PBXFileReference; lastKnownFileType = sourcecode.swift; path = HotelPriceData.swift; sourceTree = "<group>"; };
		C94046E327F946A5006837D6 /* HotelPriceModel.swift */ = {isa = PBXFileReference; lastKnownFileType = sourcecode.swift; path = HotelPriceModel.swift; sourceTree = "<group>"; };
		C94046E927F95D44006837D6 /* LocationDataModel.swift */ = {isa = PBXFileReference; lastKnownFileType = sourcecode.swift; path = LocationDataModel.swift; sourceTree = "<group>"; };
		C94046ED27F95E82006837D6 /* Review.swift */ = {isa = PBXFileReference; lastKnownFileType = sourcecode.swift; path = Review.swift; sourceTree = "<group>"; };
		C94046EF27FD4C3F006837D6 /* CLGeocoderTests.swift */ = {isa = PBXFileReference; lastKnownFileType = sourcecode.swift; path = CLGeocoderTests.swift; sourceTree = "<group>"; };
		C9689DD62807944A001C8FB5 /* Authorization.swift */ = {isa = PBXFileReference; lastKnownFileType = sourcecode.swift; path = Authorization.swift; sourceTree = "<group>"; };
		C9689DD828084AA3001C8FB5 /* CreativeSignInUp.swift */ = {isa = PBXFileReference; lastKnownFileType = sourcecode.swift; path = CreativeSignInUp.swift; sourceTree = "<group>"; };
		C96A50C027EE2EF600E44B9F /* LocationAnnotationModel.swift */ = {isa = PBXFileReference; lastKnownFileType = sourcecode.swift; path = LocationAnnotationModel.swift; sourceTree = "<group>"; };
		C96A50C627F14CA600E44B9F /* AppDelegate.swift */ = {isa = PBXFileReference; lastKnownFileType = sourcecode.swift; path = AppDelegate.swift; sourceTree = "<group>"; };
		C96A50C827F16A3E00E44B9F /* GeoFireManager.swift */ = {isa = PBXFileReference; lastKnownFileType = sourcecode.swift; path = GeoFireManager.swift; sourceTree = "<group>"; };
		C96BA74C282B2E3A00BEFD3D /* MapForNavigation.swift */ = {isa = PBXFileReference; lastKnownFileType = sourcecode.swift; path = MapForNavigation.swift; sourceTree = "<group>"; };
		C96BA74E282B30A100BEFD3D /* NavigationLogic.swift */ = {isa = PBXFileReference; lastKnownFileType = sourcecode.swift; path = NavigationLogic.swift; sourceTree = "<group>"; };
		C96BBCEC289364540075A86C /* CoreDataManager.swift */ = {isa = PBXFileReference; lastKnownFileType = sourcecode.swift; path = CoreDataManager.swift; sourceTree = "<group>"; };
		C9A8C9EB27ED621000116B61 /* SpookySpots.app */ = {isa = PBXFileReference; explicitFileType = wrapper.application; includeInIndex = 0; path = SpookySpots.app; sourceTree = BUILT_PRODUCTS_DIR; };
		C9A8C9EE27ED621000116B61 /* SpookySpotsApp.swift */ = {isa = PBXFileReference; lastKnownFileType = sourcecode.swift; path = SpookySpotsApp.swift; sourceTree = "<group>"; };
		C9A8C9F027ED621000116B61 /* ContentView.swift */ = {isa = PBXFileReference; lastKnownFileType = sourcecode.swift; path = ContentView.swift; sourceTree = "<group>"; };
		C9A8C9F227ED621000116B61 /* Assets.xcassets */ = {isa = PBXFileReference; lastKnownFileType = folder.assetcatalog; path = Assets.xcassets; sourceTree = "<group>"; };
		C9A8C9F527ED621000116B61 /* Preview Assets.xcassets */ = {isa = PBXFileReference; lastKnownFileType = folder.assetcatalog; path = "Preview Assets.xcassets"; sourceTree = "<group>"; };
		C9A8C9FB27ED621000116B61 /* SpookySpotsTests.xctest */ = {isa = PBXFileReference; explicitFileType = wrapper.cfbundle; includeInIndex = 0; path = SpookySpotsTests.xctest; sourceTree = BUILT_PRODUCTS_DIR; };
		C9A8C9FF27ED621000116B61 /* SpookySpotsTests.swift */ = {isa = PBXFileReference; lastKnownFileType = sourcecode.swift; path = SpookySpotsTests.swift; sourceTree = "<group>"; };
		C9A8CA0527ED621100116B61 /* SpookySpotsUITests.xctest */ = {isa = PBXFileReference; explicitFileType = wrapper.cfbundle; includeInIndex = 0; path = SpookySpotsUITests.xctest; sourceTree = BUILT_PRODUCTS_DIR; };
		C9A8CA0927ED621100116B61 /* SpookySpotsUITests.swift */ = {isa = PBXFileReference; lastKnownFileType = sourcecode.swift; path = SpookySpotsUITests.swift; sourceTree = "<group>"; };
		C9A8CA0B27ED621100116B61 /* SpookySpotsUITestsLaunchTests.swift */ = {isa = PBXFileReference; lastKnownFileType = sourcecode.swift; path = SpookySpotsUITestsLaunchTests.swift; sourceTree = "<group>"; };
		C9A8CA2B27ED784500116B61 /* LocationData.swift */ = {isa = PBXFileReference; lastKnownFileType = sourcecode.swift; path = LocationData.swift; sourceTree = "<group>"; };
		C9A8CA2D27ED787A00116B61 /* User.swift */ = {isa = PBXFileReference; lastKnownFileType = sourcecode.swift; path = User.swift; sourceTree = "<group>"; };
		C9A8CA2F27ED78C800116B61 /* Address.swift */ = {isa = PBXFileReference; lastKnownFileType = sourcecode.swift; path = Address.swift; sourceTree = "<group>"; };
		C9A8CA3327ED791A00116B61 /* LocationStore.swift */ = {isa = PBXFileReference; lastKnownFileType = sourcecode.swift; path = LocationStore.swift; sourceTree = "<group>"; };
		C9A8CA3527ED793300116B61 /* UserStore.swift */ = {isa = PBXFileReference; lastKnownFileType = sourcecode.swift; path = UserStore.swift; sourceTree = "<group>"; };
		C9A8CA3727ED795600116B61 /* UserLocationManager.swift */ = {isa = PBXFileReference; lastKnownFileType = sourcecode.swift; path = UserLocationManager.swift; sourceTree = "<group>"; };
		C9A8CA3927ED799400116B61 /* FirebaseManager.swift */ = {isa = PBXFileReference; lastKnownFileType = sourcecode.swift; path = FirebaseManager.swift; sourceTree = "<group>"; };
		C9A8CA3B27ED79D100116B61 /* LocalSearchService.swift */ = {isa = PBXFileReference; lastKnownFileType = sourcecode.swift; path = LocalSearchService.swift; sourceTree = "<group>"; };
		C9A8CA4827ED7B0B00116B61 /* ExploreByList.swift */ = {isa = PBXFileReference; lastKnownFileType = sourcecode.swift; path = ExploreByList.swift; sourceTree = "<group>"; };
		C9A8CA4A27ED7B2300116B61 /* LocationCollection.swift */ = {isa = PBXFileReference; lastKnownFileType = sourcecode.swift; path = LocationCollection.swift; sourceTree = "<group>"; };
		C9A8CA5027ED7BE500116B61 /* TripScreen.swift */ = {isa = PBXFileReference; lastKnownFileType = sourcecode.swift; path = TripScreen.swift; sourceTree = "<group>"; };
		C9A8CA5227ED7BFF00116B61 /* MapForTrip.swift */ = {isa = PBXFileReference; lastKnownFileType = sourcecode.swift; path = MapForTrip.swift; sourceTree = "<group>"; };
		C9A8CA5427ED7C1A00116B61 /* ChangeStartAndStop.swift */ = {isa = PBXFileReference; lastKnownFileType = sourcecode.swift; path = ChangeStartAndStop.swift; sourceTree = "<group>"; };
		C9A8CA5627ED7C6100116B61 /* ExploreByMap.swift */ = {isa = PBXFileReference; lastKnownFileType = sourcecode.swift; path = ExploreByMap.swift; sourceTree = "<group>"; };
		C9A8CA5827ED7D4100116B61 /* TabBarSetup.swift */ = {isa = PBXFileReference; lastKnownFileType = sourcecode.swift; path = TabBarSetup.swift; sourceTree = "<group>"; };
		C9A8CA5D27ED7DA500116B61 /* SearchBar.swift */ = {isa = PBXFileReference; lastKnownFileType = sourcecode.swift; path = SearchBar.swift; sourceTree = "<group>"; };
		C9A8CA5F27ED7DC300116B61 /* FiveStars.swift */ = {isa = PBXFileReference; lastKnownFileType = sourcecode.swift; path = FiveStars.swift; sourceTree = "<group>"; };
		C9A8CA6127ED7DDE00116B61 /* SlideOverCard.swift */ = {isa = PBXFileReference; lastKnownFileType = sourcecode.swift; path = SlideOverCard.swift; sourceTree = "<group>"; };
		C9A8CA6327ED7DF900116B61 /* CustomScrollView.swift */ = {isa = PBXFileReference; lastKnownFileType = sourcecode.swift; path = CustomScrollView.swift; sourceTree = "<group>"; };
		C9A8CA6627ED7EA400116B61 /* CircularButton.swift */ = {isa = PBXFileReference; lastKnownFileType = sourcecode.swift; path = CircularButton.swift; sourceTree = "<group>"; };
		C9A8CA6827ED7F1000116B61 /* ExploreViewModel.swift */ = {isa = PBXFileReference; lastKnownFileType = sourcecode.swift; path = ExploreViewModel.swift; sourceTree = "<group>"; };
		C9A8CA6C27ED7F5300116B61 /* TripPageVM.swift */ = {isa = PBXFileReference; lastKnownFileType = sourcecode.swift; path = TripPageVM.swift; sourceTree = "<group>"; };
		C9A8CA7127ED826500116B61 /* GoogleService-Info.plist */ = {isa = PBXFileReference; fileEncoding = 4; lastKnownFileType = text.plist.xml; path = "GoogleService-Info.plist"; sourceTree = "<group>"; };
		C9A9CEEA2819A08C00D4A1F9 /* LD.swift */ = {isa = PBXFileReference; lastKnownFileType = sourcecode.swift; path = LD.swift; sourceTree = "<group>"; };
		C9A9CEEF281BA03800D4A1F9 /* Custom Fonts.swift */ = {isa = PBXFileReference; lastKnownFileType = sourcecode.swift; path = "Custom Fonts.swift"; sourceTree = "<group>"; };
		C9C1E41B28034B430050EF39 /* MapViewUI.swift */ = {isa = PBXFileReference; lastKnownFileType = sourcecode.swift; path = MapViewUI.swift; sourceTree = "<group>"; };
		C9D36C5F2808F31900C9AFAF /* SpookySpots.entitlements */ = {isa = PBXFileReference; lastKnownFileType = text.plist.entitlements; path = SpookySpots.entitlements; sourceTree = "<group>"; };
		C9D36C602808F32800C9AFAF /* Info.plist */ = {isa = PBXFileReference; lastKnownFileType = text.plist; path = Info.plist; sourceTree = "<group>"; };
		C9D36C612808F32800C9AFAF /* MapKit.framework */ = {isa = PBXFileReference; lastKnownFileType = wrapper.framework; name = MapKit.framework; path = System/Library/Frameworks/MapKit.framework; sourceTree = SDKROOT; };
		C9D36C632808F34300C9AFAF /* AudioToolbox.framework */ = {isa = PBXFileReference; lastKnownFileType = wrapper.framework; name = AudioToolbox.framework; path = System/Library/Frameworks/AudioToolbox.framework; sourceTree = SDKROOT; };
		C9D5642128ACBB4800DBD631 /* FavoritesCell.swift */ = {isa = PBXFileReference; lastKnownFileType = sourcecode.swift; path = FavoritesCell.swift; sourceTree = "<group>"; };
		C9D5642328AF057200DBD631 /* LocationReviewView.swift */ = {isa = PBXFileReference; lastKnownFileType = sourcecode.swift; path = LocationReviewView.swift; sourceTree = "<group>"; };
		C9D5642628B0855200DBD631 /* AddLocationView.swift */ = {isa = PBXFileReference; lastKnownFileType = sourcecode.swift; path = AddLocationView.swift; sourceTree = "<group>"; };
		C9D5642828B7BCF800DBD631 /* SignUp.swift */ = {isa = PBXFileReference; lastKnownFileType = sourcecode.swift; path = SignUp.swift; sourceTree = "<group>"; };
		C9D5642A28B7BD1300DBD631 /* LogIn.swift */ = {isa = PBXFileReference; lastKnownFileType = sourcecode.swift; path = LogIn.swift; sourceTree = "<group>"; };
		C9D5642E28B7BEE400DBD631 /* LogoStyle.swift */ = {isa = PBXFileReference; lastKnownFileType = sourcecode.swift; path = LogoStyle.swift; sourceTree = "<group>"; };
		C9D5643028BAB9AF00DBD631 /* NotificationBanner.swift */ = {isa = PBXFileReference; lastKnownFileType = sourcecode.swift; path = NotificationBanner.swift; sourceTree = "<group>"; };
		C9D5643228BBE5D100DBD631 /* ManageReviews.swift */ = {isa = PBXFileReference; lastKnownFileType = sourcecode.swift; path = ManageReviews.swift; sourceTree = "<group>"; };
		C9D5643428BF1DC300DBD631 /* Network.swift */ = {isa = PBXFileReference; lastKnownFileType = sourcecode.swift; path = Network.swift; sourceTree = "<group>"; };
		C9DC7C0C28174F9500E8E71C /* Sources.swift */ = {isa = PBXFileReference; lastKnownFileType = sourcecode.swift; path = Sources.swift; sourceTree = "<group>"; };
		C9DC7C0E2817A09100E8E71C /* FullImageDisplay.swift */ = {isa = PBXFileReference; lastKnownFileType = sourcecode.swift; path = FullImageDisplay.swift; sourceTree = "<group>"; };
		C9DC7C122817AC1100E8E71C /* LocationModel.swift */ = {isa = PBXFileReference; lastKnownFileType = sourcecode.swift; path = LocationModel.swift; sourceTree = "<group>"; };
		C9DC7C16281828DC00E8E71C /* PagedImageView.swift */ = {isa = PBXFileReference; lastKnownFileType = sourcecode.swift; path = PagedImageView.swift; sourceTree = "<group>"; };
		C9EFD61F28204E5B00B3BFDC /* FavoritesLogic.swift */ = {isa = PBXFileReference; lastKnownFileType = sourcecode.swift; path = FavoritesLogic.swift; sourceTree = "<group>"; };
		C9EFD6242826B4B200B3BFDC /* TripPage.swift */ = {isa = PBXFileReference; lastKnownFileType = sourcecode.swift; path = TripPage.swift; sourceTree = "<group>"; };
		C9EFD6262826B98800B3BFDC /* TripLogic.swift */ = {isa = PBXFileReference; lastKnownFileType = sourcecode.swift; path = TripLogic.swift; sourceTree = "<group>"; };
		C9F3F443282A9EEA00D794CE /* NavigationScreen.swift */ = {isa = PBXFileReference; lastKnownFileType = sourcecode.swift; path = NavigationScreen.swift; sourceTree = "<group>"; };
		C9FC76D628149AA1005777AF /* Constants.swift */ = {isa = PBXFileReference; lastKnownFileType = sourcecode.swift; path = Constants.swift; sourceTree = "<group>"; };
		C9FC76D828149ECF005777AF /* DatabaseView.swift */ = {isa = PBXFileReference; lastKnownFileType = sourcecode.swift; path = DatabaseView.swift; sourceTree = "<group>"; };
		C9FC76DA2814EFE3005777AF /* Trip.swift */ = {isa = PBXFileReference; lastKnownFileType = sourcecode.swift; path = Trip.swift; sourceTree = "<group>"; };
		E53B0095E74CC9BCF80AFF55 /* Pods-SpookySpots.release.xcconfig */ = {isa = PBXFileReference; includeInIndex = 1; lastKnownFileType = text.xcconfig; name = "Pods-SpookySpots.release.xcconfig"; path = "Target Support Files/Pods-SpookySpots/Pods-SpookySpots.release.xcconfig"; sourceTree = "<group>"; };
		FC76E2FFECCDCA9ACE2BDDA9 /* Pods_SpookySpots.framework */ = {isa = PBXFileReference; explicitFileType = wrapper.framework; includeInIndex = 0; path = Pods_SpookySpots.framework; sourceTree = BUILT_PRODUCTS_DIR; };
/* End PBXFileReference section */

/* Begin PBXFrameworksBuildPhase section */
		C9A8C9E827ED621000116B61 /* Frameworks */ = {
			isa = PBXFrameworksBuildPhase;
			buildActionMask = 2147483647;
			files = (
				C9A8CA7027ED800900116B61 /* SDWebImageSwiftUI in Frameworks */,
				C9D36C622808F32800C9AFAF /* MapKit.framework in Frameworks */,
				A8874B18C2309F93303D8C02 /* Pods_SpookySpots.framework in Frameworks */,
				C9D36C642808F34300C9AFAF /* AudioToolbox.framework in Frameworks */,
			);
			runOnlyForDeploymentPostprocessing = 0;
		};
		C9A8C9F827ED621000116B61 /* Frameworks */ = {
			isa = PBXFrameworksBuildPhase;
			buildActionMask = 2147483647;
			files = (
				76B46F8EFBE36A7A56A19BF2 /* Pods_SpookySpotsTests.framework in Frameworks */,
			);
			runOnlyForDeploymentPostprocessing = 0;
		};
		C9A8CA0227ED621100116B61 /* Frameworks */ = {
			isa = PBXFrameworksBuildPhase;
			buildActionMask = 2147483647;
			files = (
				8AAC04B06C95F4A0ACDA9E34 /* Pods_SpookySpots_SpookySpotsUITests.framework in Frameworks */,
			);
			runOnlyForDeploymentPostprocessing = 0;
		};
/* End PBXFrameworksBuildPhase section */

/* Begin PBXGroup section */
		A4BF464B9D328BC1AE0BECAB /* Frameworks */ = {
			isa = PBXGroup;
			children = (
				C9D36C632808F34300C9AFAF /* AudioToolbox.framework */,
				C9D36C612808F32800C9AFAF /* MapKit.framework */,
				FC76E2FFECCDCA9ACE2BDDA9 /* Pods_SpookySpots.framework */,
				C080B1CFC246A0DFBDB4106B /* Pods_SpookySpots_SpookySpotsUITests.framework */,
				1045941F6DF120A541BD258D /* Pods_SpookySpotsTests.framework */,
			);
			name = Frameworks;
			sourceTree = "<group>";
		};
		C91BBB7928A01375005D1968 /* CoreData */ = {
			isa = PBXGroup;
			children = (
				C91BBB762898C90A005D1968 /* TripCDModel.xcdatamodeld */,
				C96BBCEC289364540075A86C /* CoreDataManager.swift */,
				C91BBB7A28A0138E005D1968 /* PersistenceController.swift */,
			);
			path = CoreData;
			sourceTree = "<group>";
		};
		C92C63A5280A81050035C793 /* Settings */ = {
			isa = PBXGroup;
			children = (
				C9187F3A280AFB520064627C /* Account.swift */,
				C92C63A6280A81140035C793 /* ProfilePage.swift */,
				C9087BE72809AC1D00372502 /* SettingsPage.swift */,
				C9FC76D828149ECF005777AF /* DatabaseView.swift */,
				C9D5643228BBE5D100DBD631 /* ManageReviews.swift */,
			);
			path = Settings;
			sourceTree = "<group>";
		};
		C936DC9E2890A29300D10C65 /* Launch */ = {
			isa = PBXGroup;
			children = (
				C92DB77A28A7F8E2009B7646 /* SplashScreen.swift */,
				C92DB78028A85E23009B7646 /* LaunchScreen.storyboard */,
			);
			path = Launch;
			sourceTree = "<group>";
		};
		C94046E527F946B5006837D6 /* FirebaseData */ = {
			isa = PBXGroup;
			children = (
				C9A8CA2F27ED78C800116B61 /* Address.swift */,
				C9A8CA2B27ED784500116B61 /* LocationData.swift */,
				C94046E927F95D44006837D6 /* LocationDataModel.swift */,
				C94046ED27F95E82006837D6 /* Review.swift */,
				C9A8CA2D27ED787A00116B61 /* User.swift */,
			);
			path = FirebaseData;
			sourceTree = "<group>";
		};
		C94046E627F946D0006837D6 /* HotelPrice */ = {
			isa = PBXGroup;
			children = (
				C94046E127F9469B006837D6 /* HotelPriceData.swift */,
				C94046E327F946A5006837D6 /* HotelPriceModel.swift */,
			);
			path = HotelPrice;
			sourceTree = "<group>";
		};
		C9A8C9E227ED621000116B61 = {
			isa = PBXGroup;
			children = (
				C92DB77C28A8348E009B7646 /* PinIcon.png */,
				C92DB77828A48615009B7646 /* overlay.json */,
				C9A8CA7127ED826500116B61 /* GoogleService-Info.plist */,
				C9A8C9ED27ED621000116B61 /* SpookySpots */,
				C9A8C9FE27ED621000116B61 /* SpookySpotsTests */,
				C9A8CA0827ED621100116B61 /* SpookySpotsUITests */,
				C9A8C9EC27ED621000116B61 /* Products */,
				DBCE3EF4CE4A5617310DB5A3 /* Pods */,
				A4BF464B9D328BC1AE0BECAB /* Frameworks */,
			);
			sourceTree = "<group>";
		};
		C9A8C9EC27ED621000116B61 /* Products */ = {
			isa = PBXGroup;
			children = (
				C9A8C9EB27ED621000116B61 /* SpookySpots.app */,
				C9A8C9FB27ED621000116B61 /* SpookySpotsTests.xctest */,
				C9A8CA0527ED621100116B61 /* SpookySpotsUITests.xctest */,
			);
			name = Products;
			sourceTree = "<group>";
		};
		C9A8C9ED27ED621000116B61 /* SpookySpots */ = {
			isa = PBXGroup;
			children = (
				C96A50C627F14CA600E44B9F /* AppDelegate.swift */,
				C9FC76D628149AA1005777AF /* Constants.swift */,
				C9A8CA2727ED77BD00116B61 /* Model */,
				C9A8CA2627ED77B100116B61 /* View */,
				C9A8CA2527ED779E00116B61 /* ViewModel */,
				C9A8C9F027ED621000116B61 /* ContentView.swift */,
				C9A8C9EE27ED621000116B61 /* SpookySpotsApp.swift */,
				C9A8C9F227ED621000116B61 /* Assets.xcassets */,
				C92DB77E28A83678009B7646 /* Logo.png */,
				C9D36C602808F32800C9AFAF /* Info.plist */,
				C9D36C5F2808F31900C9AFAF /* SpookySpots.entitlements */,
				C9A8C9F427ED621000116B61 /* Preview Content */,
				C9DC7C0C28174F9500E8E71C /* Sources.swift */,
			);
			path = SpookySpots;
			sourceTree = "<group>";
		};
		C9A8C9F427ED621000116B61 /* Preview Content */ = {
			isa = PBXGroup;
			children = (
				C9A8C9F527ED621000116B61 /* Preview Assets.xcassets */,
			);
			path = "Preview Content";
			sourceTree = "<group>";
		};
		C9A8C9FE27ED621000116B61 /* SpookySpotsTests */ = {
			isa = PBXGroup;
			children = (
				C9A8C9FF27ED621000116B61 /* SpookySpotsTests.swift */,
				C94046EF27FD4C3F006837D6 /* CLGeocoderTests.swift */,
			);
			path = SpookySpotsTests;
			sourceTree = "<group>";
		};
		C9A8CA0827ED621100116B61 /* SpookySpotsUITests */ = {
			isa = PBXGroup;
			children = (
				C9A8CA0927ED621100116B61 /* SpookySpotsUITests.swift */,
				C9A8CA0B27ED621100116B61 /* SpookySpotsUITestsLaunchTests.swift */,
			);
			path = SpookySpotsUITests;
			sourceTree = "<group>";
		};
		C9A8CA2527ED779E00116B61 /* ViewModel */ = {
			isa = PBXGroup;
			children = (
				C9A8CA6827ED7F1000116B61 /* ExploreViewModel.swift */,
				C9A8CA6C27ED7F5300116B61 /* TripPageVM.swift */,
			);
			path = ViewModel;
			sourceTree = "<group>";
		};
		C9A8CA2627ED77B100116B61 /* View */ = {
			isa = PBXGroup;
			children = (
				C9A8CA5827ED7D4100116B61 /* TabBarSetup.swift */,
				C9A9CEEE281BA02C00D4A1F9 /* Typography */,
				C9A8CA3D27ED79FB00116B61 /* LocationCells */,
				C9A8CA4227ED7AA000116B61 /* Screens */,
				C9A8CA5A27ED7D7A00116B61 /* SubViews */,
			);
			path = View;
			sourceTree = "<group>";
		};
		C9A8CA2727ED77BD00116B61 /* Model */ = {
			isa = PBXGroup;
			children = (
				C91BBB7928A01375005D1968 /* CoreData */,
				C9A8CA2827ED781C00116B61 /* Managers */,
				C9A8CA2A27ED782B00116B61 /* Models */,
				C9A8CA2927ED782500116B61 /* Stores */,
				C9DC7C122817AC1100E8E71C /* LocationModel.swift */,
				C9EFD61F28204E5B00B3BFDC /* FavoritesLogic.swift */,
				C96BA74E282B30A100BEFD3D /* NavigationLogic.swift */,
				C9D5643428BF1DC300DBD631 /* Network.swift */,
			);
			path = Model;
			sourceTree = "<group>";
		};
		C9A8CA2827ED781C00116B61 /* Managers */ = {
			isa = PBXGroup;
			children = (
				C9689DD62807944A001C8FB5 /* Authorization.swift */,
				C9A8CA3927ED799400116B61 /* FirebaseManager.swift */,
				C96A50C827F16A3E00E44B9F /* GeoFireManager.swift */,
				C94046DF27F93867006837D6 /* HotelPriceManager.swift */,
				C9A8CA3B27ED79D100116B61 /* LocalSearchService.swift */,
				C9A8CA3727ED795600116B61 /* UserLocationManager.swift */,
			);
			path = Managers;
			sourceTree = "<group>";
		};
		C9A8CA2927ED782500116B61 /* Stores */ = {
			isa = PBXGroup;
			children = (
				C9A8CA3327ED791A00116B61 /* LocationStore.swift */,
				C9A8CA3527ED793300116B61 /* UserStore.swift */,
			);
			path = Stores;
			sourceTree = "<group>";
		};
		C9A8CA2A27ED782B00116B61 /* Models */ = {
			isa = PBXGroup;
			children = (
				C94046E527F946B5006837D6 /* FirebaseData */,
				C94046E627F946D0006837D6 /* HotelPrice */,
				C96A50C027EE2EF600E44B9F /* LocationAnnotationModel.swift */,
				C9FC76DA2814EFE3005777AF /* Trip.swift */,
				C9EFD6262826B98800B3BFDC /* TripLogic.swift */,
				C936DC982863F51900D10C65 /* Destination.swift */,
				C936DC9C288EF48A00D10C65 /* Route.swift */,
			);
			path = Models;
			sourceTree = "<group>";
		};
		C9A8CA3D27ED79FB00116B61 /* LocationCells */ = {
			isa = PBXGroup;
			children = (
				C94046DD27F9210A006837D6 /* LargeImageLocationView.swift */,
				C9187F3C280B07070064627C /* MainLocCell.swift */,
			);
			path = LocationCells;
			sourceTree = "<group>";
		};
		C9A8CA4227ED7AA000116B61 /* Screens */ = {
			isa = PBXGroup;
			children = (
				C936DC9E2890A29300D10C65 /* Launch */,
				C9A8CA4527ED7AD100116B61 /* ExploreByList */,
				C9A8CA4427ED7AC400116B61 /* ExploreByMap */,
				C9FC76D3280D538E005777AF /* Favorites */,
				C9A8CA4727ED7AED00116B61 /* LocationDetails */,
				C9A8CA4627ED7ADC00116B61 /* Login */,
				C92C63A5280A81050035C793 /* Settings */,
				C9A8CA4327ED7ABF00116B61 /* Trip */,
				C9D5642528AF057A00DBD631 /* Review */,
				C9D5642628B0855200DBD631 /* AddLocationView.swift */,
			);
			path = Screens;
			sourceTree = "<group>";
		};
		C9A8CA4327ED7ABF00116B61 /* Trip */ = {
			isa = PBXGroup;
			children = (
				C9A8CA5427ED7C1A00116B61 /* ChangeStartAndStop.swift */,
				C9A8CA5227ED7BFF00116B61 /* MapForTrip.swift */,
				C9A8CA5027ED7BE500116B61 /* TripScreen.swift */,
				C9EFD6242826B4B200B3BFDC /* TripPage.swift */,
				C9F3F443282A9EEA00D794CE /* NavigationScreen.swift */,
				C96BA74C282B2E3A00BEFD3D /* MapForNavigation.swift */,
				C938C25528C3C54B006D6D7D /* TheTripPage.swift */,
			);
			path = Trip;
			sourceTree = "<group>";
		};
		C9A8CA4427ED7AC400116B61 /* ExploreByMap */ = {
			isa = PBXGroup;
			children = (
				C9A8CA5627ED7C6100116B61 /* ExploreByMap.swift */,
				C9C1E41B28034B430050EF39 /* MapViewUI.swift */,
			);
			path = ExploreByMap;
			sourceTree = "<group>";
		};
		C9A8CA4527ED7AD100116B61 /* ExploreByList */ = {
			isa = PBXGroup;
			children = (
				C9A8CA4827ED7B0B00116B61 /* ExploreByList.swift */,
				C9A8CA4A27ED7B2300116B61 /* LocationCollection.swift */,
			);
			path = ExploreByList;
			sourceTree = "<group>";
		};
		C9A8CA4627ED7ADC00116B61 /* Login */ = {
			isa = PBXGroup;
			children = (
				C9689DD828084AA3001C8FB5 /* CreativeSignInUp.swift */,
				C9D5642828B7BCF800DBD631 /* SignUp.swift */,
				C9D5642A28B7BD1300DBD631 /* LogIn.swift */,
				C9D5643028BAB9AF00DBD631 /* NotificationBanner.swift */,
			);
			path = Login;
			sourceTree = "<group>";
		};
		C9A8CA4727ED7AED00116B61 /* LocationDetails */ = {
			isa = PBXGroup;
			children = (
				C9A8CA5F27ED7DC300116B61 /* FiveStars.swift */,
				C9DC7C0E2817A09100E8E71C /* FullImageDisplay.swift */,
				C9DC7C16281828DC00E8E71C /* PagedImageView.swift */,
				C9A9CEEA2819A08C00D4A1F9 /* LD.swift */,
			);
			path = LocationDetails;
			sourceTree = "<group>";
		};
		C9A8CA5A27ED7D7A00116B61 /* SubViews */ = {
			isa = PBXGroup;
			children = (
				C9D5642C28B7BECE00DBD631 /* Images */,
				C9A8CA6527ED7E9800116B61 /* Buttons */,
				C9A8CA6327ED7DF900116B61 /* CustomScrollView.swift */,
				C94046A027F56C97006837D6 /* PagedScrollViewModifier.swift */,
				C9A8CA5D27ED7DA500116B61 /* SearchBar.swift */,
				C9A8CA6127ED7DDE00116B61 /* SlideOverCard.swift */,
			);
			path = SubViews;
			sourceTree = "<group>";
		};
		C9A8CA6527ED7E9800116B61 /* Buttons */ = {
			isa = PBXGroup;
			children = (
				C9A8CA6627ED7EA400116B61 /* CircularButton.swift */,
			);
			path = Buttons;
			sourceTree = "<group>";
		};
		C9A9CEEE281BA02C00D4A1F9 /* Typography */ = {
			isa = PBXGroup;
			children = (
				C9A9CEEF281BA03800D4A1F9 /* Custom Fonts.swift */,
			);
			path = Typography;
			sourceTree = "<group>";
		};
		C9D5642528AF057A00DBD631 /* Review */ = {
			isa = PBXGroup;
			children = (
				C9D5642328AF057200DBD631 /* LocationReviewView.swift */,
			);
			path = Review;
			sourceTree = "<group>";
		};
		C9D5642C28B7BECE00DBD631 /* Images */ = {
			isa = PBXGroup;
			children = (
				C9D5642D28B7BED400DBD631 /* Syles */,
			);
			path = Images;
			sourceTree = "<group>";
		};
		C9D5642D28B7BED400DBD631 /* Syles */ = {
			isa = PBXGroup;
			children = (
				C9D5642E28B7BEE400DBD631 /* LogoStyle.swift */,
			);
			path = Syles;
			sourceTree = "<group>";
		};
		C9FC76D3280D538E005777AF /* Favorites */ = {
			isa = PBXGroup;
			children = (
				C9187F38280A8C550064627C /* Favorites.swift */,
				C9D5642128ACBB4800DBD631 /* FavoritesCell.swift */,
			);
			path = Favorites;
			sourceTree = "<group>";
		};
		DBCE3EF4CE4A5617310DB5A3 /* Pods */ = {
			isa = PBXGroup;
			children = (
				55D0426BFF2742F7B7CC6ED9 /* Pods-SpookySpots.debug.xcconfig */,
				E53B0095E74CC9BCF80AFF55 /* Pods-SpookySpots.release.xcconfig */,
				57B6433C7649D0A19E873DE4 /* Pods-SpookySpots-SpookySpotsUITests.debug.xcconfig */,
				A9F8889D78EF0D4527820B69 /* Pods-SpookySpots-SpookySpotsUITests.release.xcconfig */,
				435461CA08197679A2463ACA /* Pods-SpookySpotsTests.debug.xcconfig */,
				7A834B86C411430A716ACFF8 /* Pods-SpookySpotsTests.release.xcconfig */,
			);
			path = Pods;
			sourceTree = "<group>";
		};
/* End PBXGroup section */

/* Begin PBXNativeTarget section */
		C9A8C9EA27ED621000116B61 /* SpookySpots */ = {
			isa = PBXNativeTarget;
			buildConfigurationList = C9A8CA0F27ED621100116B61 /* Build configuration list for PBXNativeTarget "SpookySpots" */;
			buildPhases = (
				066C5BE9E4546593336B94D9 /* [CP] Check Pods Manifest.lock */,
				C9A8C9E727ED621000116B61 /* Sources */,
				C9A8C9E827ED621000116B61 /* Frameworks */,
				C9A8C9E927ED621000116B61 /* Resources */,
				828DC2CBADC2A15D2696062C /* [CP] Embed Pods Frameworks */,
			);
			buildRules = (
			);
			dependencies = (
			);
			name = SpookySpots;
			packageProductDependencies = (
				C9A8CA6F27ED800900116B61 /* SDWebImageSwiftUI */,
			);
			productName = SpookySpots;
			productReference = C9A8C9EB27ED621000116B61 /* SpookySpots.app */;
			productType = "com.apple.product-type.application";
		};
		C9A8C9FA27ED621000116B61 /* SpookySpotsTests */ = {
			isa = PBXNativeTarget;
			buildConfigurationList = C9A8CA1227ED621100116B61 /* Build configuration list for PBXNativeTarget "SpookySpotsTests" */;
			buildPhases = (
				363A103C3E8C3898BB3D3C62 /* [CP] Check Pods Manifest.lock */,
				C9A8C9F727ED621000116B61 /* Sources */,
				C9A8C9F827ED621000116B61 /* Frameworks */,
				C9A8C9F927ED621000116B61 /* Resources */,
			);
			buildRules = (
			);
			dependencies = (
				C9A8C9FD27ED621000116B61 /* PBXTargetDependency */,
			);
			name = SpookySpotsTests;
			productName = SpookySpotsTests;
			productReference = C9A8C9FB27ED621000116B61 /* SpookySpotsTests.xctest */;
			productType = "com.apple.product-type.bundle.unit-test";
		};
		C9A8CA0427ED621100116B61 /* SpookySpotsUITests */ = {
			isa = PBXNativeTarget;
			buildConfigurationList = C9A8CA1527ED621100116B61 /* Build configuration list for PBXNativeTarget "SpookySpotsUITests" */;
			buildPhases = (
				03ABFBDE26C0B56036B61BA1 /* [CP] Check Pods Manifest.lock */,
				C9A8CA0127ED621100116B61 /* Sources */,
				C9A8CA0227ED621100116B61 /* Frameworks */,
				C9A8CA0327ED621100116B61 /* Resources */,
				5D1CB40808B463D2EF32CDFC /* [CP] Embed Pods Frameworks */,
			);
			buildRules = (
			);
			dependencies = (
				C9A8CA0727ED621100116B61 /* PBXTargetDependency */,
			);
			name = SpookySpotsUITests;
			productName = SpookySpotsUITests;
			productReference = C9A8CA0527ED621100116B61 /* SpookySpotsUITests.xctest */;
			productType = "com.apple.product-type.bundle.ui-testing";
		};
/* End PBXNativeTarget section */

/* Begin PBXProject section */
		C9A8C9E327ED621000116B61 /* Project object */ = {
			isa = PBXProject;
			attributes = {
				BuildIndependentTargetsInParallel = 1;
				LastSwiftUpdateCheck = 1330;
				LastUpgradeCheck = 1330;
				TargetAttributes = {
					C9A8C9EA27ED621000116B61 = {
						CreatedOnToolsVersion = 13.3;
					};
					C9A8C9FA27ED621000116B61 = {
						CreatedOnToolsVersion = 13.3;
						TestTargetID = C9A8C9EA27ED621000116B61;
					};
					C9A8CA0427ED621100116B61 = {
						CreatedOnToolsVersion = 13.3;
						TestTargetID = C9A8C9EA27ED621000116B61;
					};
				};
			};
			buildConfigurationList = C9A8C9E627ED621000116B61 /* Build configuration list for PBXProject "SpookySpots" */;
			compatibilityVersion = "Xcode 13.0";
			developmentRegion = en;
			hasScannedForEncodings = 0;
			knownRegions = (
				en,
				Base,
			);
			mainGroup = C9A8C9E227ED621000116B61;
			packageReferences = (
				C9A8CA6E27ED800900116B61 /* XCRemoteSwiftPackageReference "SDWebImageSwiftUI" */,
			);
			productRefGroup = C9A8C9EC27ED621000116B61 /* Products */;
			projectDirPath = "";
			projectRoot = "";
			targets = (
				C9A8C9EA27ED621000116B61 /* SpookySpots */,
				C9A8C9FA27ED621000116B61 /* SpookySpotsTests */,
				C9A8CA0427ED621100116B61 /* SpookySpotsUITests */,
			);
		};
/* End PBXProject section */

/* Begin PBXResourcesBuildPhase section */
		C9A8C9E927ED621000116B61 /* Resources */ = {
			isa = PBXResourcesBuildPhase;
			buildActionMask = 2147483647;
			files = (
				C92DB77928A48615009B7646 /* overlay.json in Resources */,
				C9A8C9F627ED621000116B61 /* Preview Assets.xcassets in Resources */,
				C92DB77D28A8348E009B7646 /* PinIcon.png in Resources */,
				C92DB77F28A83679009B7646 /* Logo.png in Resources */,
				C92DB78128A85E23009B7646 /* LaunchScreen.storyboard in Resources */,
				C9A8C9F327ED621000116B61 /* Assets.xcassets in Resources */,
				C9A8CA7227ED826500116B61 /* GoogleService-Info.plist in Resources */,
			);
			runOnlyForDeploymentPostprocessing = 0;
		};
		C9A8C9F927ED621000116B61 /* Resources */ = {
			isa = PBXResourcesBuildPhase;
			buildActionMask = 2147483647;
			files = (
			);
			runOnlyForDeploymentPostprocessing = 0;
		};
		C9A8CA0327ED621100116B61 /* Resources */ = {
			isa = PBXResourcesBuildPhase;
			buildActionMask = 2147483647;
			files = (
			);
			runOnlyForDeploymentPostprocessing = 0;
		};
/* End PBXResourcesBuildPhase section */

/* Begin PBXShellScriptBuildPhase section */
		03ABFBDE26C0B56036B61BA1 /* [CP] Check Pods Manifest.lock */ = {
			isa = PBXShellScriptBuildPhase;
			buildActionMask = 2147483647;
			files = (
			);
			inputFileListPaths = (
			);
			inputPaths = (
				"${PODS_PODFILE_DIR_PATH}/Podfile.lock",
				"${PODS_ROOT}/Manifest.lock",
			);
			name = "[CP] Check Pods Manifest.lock";
			outputFileListPaths = (
			);
			outputPaths = (
				"$(DERIVED_FILE_DIR)/Pods-SpookySpots-SpookySpotsUITests-checkManifestLockResult.txt",
			);
			runOnlyForDeploymentPostprocessing = 0;
			shellPath = /bin/sh;
			shellScript = "diff \"${PODS_PODFILE_DIR_PATH}/Podfile.lock\" \"${PODS_ROOT}/Manifest.lock\" > /dev/null\nif [ $? != 0 ] ; then\n    # print error to STDERR\n    echo \"error: The sandbox is not in sync with the Podfile.lock. Run 'pod install' or update your CocoaPods installation.\" >&2\n    exit 1\nfi\n# This output is used by Xcode 'outputs' to avoid re-running this script phase.\necho \"SUCCESS\" > \"${SCRIPT_OUTPUT_FILE_0}\"\n";
			showEnvVarsInLog = 0;
		};
		066C5BE9E4546593336B94D9 /* [CP] Check Pods Manifest.lock */ = {
			isa = PBXShellScriptBuildPhase;
			buildActionMask = 2147483647;
			files = (
			);
			inputFileListPaths = (
			);
			inputPaths = (
				"${PODS_PODFILE_DIR_PATH}/Podfile.lock",
				"${PODS_ROOT}/Manifest.lock",
			);
			name = "[CP] Check Pods Manifest.lock";
			outputFileListPaths = (
			);
			outputPaths = (
				"$(DERIVED_FILE_DIR)/Pods-SpookySpots-checkManifestLockResult.txt",
			);
			runOnlyForDeploymentPostprocessing = 0;
			shellPath = /bin/sh;
			shellScript = "diff \"${PODS_PODFILE_DIR_PATH}/Podfile.lock\" \"${PODS_ROOT}/Manifest.lock\" > /dev/null\nif [ $? != 0 ] ; then\n    # print error to STDERR\n    echo \"error: The sandbox is not in sync with the Podfile.lock. Run 'pod install' or update your CocoaPods installation.\" >&2\n    exit 1\nfi\n# This output is used by Xcode 'outputs' to avoid re-running this script phase.\necho \"SUCCESS\" > \"${SCRIPT_OUTPUT_FILE_0}\"\n";
			showEnvVarsInLog = 0;
		};
		363A103C3E8C3898BB3D3C62 /* [CP] Check Pods Manifest.lock */ = {
			isa = PBXShellScriptBuildPhase;
			buildActionMask = 2147483647;
			files = (
			);
			inputFileListPaths = (
			);
			inputPaths = (
				"${PODS_PODFILE_DIR_PATH}/Podfile.lock",
				"${PODS_ROOT}/Manifest.lock",
			);
			name = "[CP] Check Pods Manifest.lock";
			outputFileListPaths = (
			);
			outputPaths = (
				"$(DERIVED_FILE_DIR)/Pods-SpookySpotsTests-checkManifestLockResult.txt",
			);
			runOnlyForDeploymentPostprocessing = 0;
			shellPath = /bin/sh;
			shellScript = "diff \"${PODS_PODFILE_DIR_PATH}/Podfile.lock\" \"${PODS_ROOT}/Manifest.lock\" > /dev/null\nif [ $? != 0 ] ; then\n    # print error to STDERR\n    echo \"error: The sandbox is not in sync with the Podfile.lock. Run 'pod install' or update your CocoaPods installation.\" >&2\n    exit 1\nfi\n# This output is used by Xcode 'outputs' to avoid re-running this script phase.\necho \"SUCCESS\" > \"${SCRIPT_OUTPUT_FILE_0}\"\n";
			showEnvVarsInLog = 0;
		};
		5D1CB40808B463D2EF32CDFC /* [CP] Embed Pods Frameworks */ = {
			isa = PBXShellScriptBuildPhase;
			buildActionMask = 2147483647;
			files = (
			);
			inputFileListPaths = (
				"${PODS_ROOT}/Target Support Files/Pods-SpookySpots-SpookySpotsUITests/Pods-SpookySpots-SpookySpotsUITests-frameworks-${CONFIGURATION}-input-files.xcfilelist",
			);
			name = "[CP] Embed Pods Frameworks";
			outputFileListPaths = (
				"${PODS_ROOT}/Target Support Files/Pods-SpookySpots-SpookySpotsUITests/Pods-SpookySpots-SpookySpotsUITests-frameworks-${CONFIGURATION}-output-files.xcfilelist",
			);
			runOnlyForDeploymentPostprocessing = 0;
			shellPath = /bin/sh;
			shellScript = "\"${PODS_ROOT}/Target Support Files/Pods-SpookySpots-SpookySpotsUITests/Pods-SpookySpots-SpookySpotsUITests-frameworks.sh\"\n";
			showEnvVarsInLog = 0;
		};
		828DC2CBADC2A15D2696062C /* [CP] Embed Pods Frameworks */ = {
			isa = PBXShellScriptBuildPhase;
			buildActionMask = 2147483647;
			files = (
			);
			inputFileListPaths = (
				"${PODS_ROOT}/Target Support Files/Pods-SpookySpots/Pods-SpookySpots-frameworks-${CONFIGURATION}-input-files.xcfilelist",
			);
			name = "[CP] Embed Pods Frameworks";
			outputFileListPaths = (
				"${PODS_ROOT}/Target Support Files/Pods-SpookySpots/Pods-SpookySpots-frameworks-${CONFIGURATION}-output-files.xcfilelist",
			);
			runOnlyForDeploymentPostprocessing = 0;
			shellPath = /bin/sh;
			shellScript = "\"${PODS_ROOT}/Target Support Files/Pods-SpookySpots/Pods-SpookySpots-frameworks.sh\"\n";
			showEnvVarsInLog = 0;
		};
/* End PBXShellScriptBuildPhase section */

/* Begin PBXSourcesBuildPhase section */
		C9A8C9E727ED621000116B61 /* Sources */ = {
			isa = PBXSourcesBuildPhase;
			buildActionMask = 2147483647;
			files = (
				C9A8CA4927ED7B0B00116B61 /* ExploreByList.swift in Sources */,
				C9FC76DB2814EFE3005777AF /* Trip.swift in Sources */,
				C9187F39280A8C550064627C /* Favorites.swift in Sources */,
				C94046E227F9469B006837D6 /* HotelPriceData.swift in Sources */,
				C9D5642928B7BCF800DBD631 /* SignUp.swift in Sources */,
				C9DC7C132817AC1100E8E71C /* LocationModel.swift in Sources */,
				C9A9CEF0281BA03800D4A1F9 /* Custom Fonts.swift in Sources */,
				C92DB77B28A7F8E2009B7646 /* SplashScreen.swift in Sources */,
				C9A8CA5927ED7D4100116B61 /* TabBarSetup.swift in Sources */,
				C9187F3B280AFB520064627C /* Account.swift in Sources */,
				C9A8CA2E27ED787A00116B61 /* User.swift in Sources */,
				C94046EA27F95D44006837D6 /* LocationDataModel.swift in Sources */,
				C96A50C927F16A3E00E44B9F /* GeoFireManager.swift in Sources */,
				C9A8CA3A27ED799400116B61 /* FirebaseManager.swift in Sources */,
				C9A8CA6427ED7DF900116B61 /* CustomScrollView.swift in Sources */,
				C9187F3D280B07070064627C /* MainLocCell.swift in Sources */,
				C9087BE82809AC1D00372502 /* SettingsPage.swift in Sources */,
				C91BBB7B28A0138E005D1968 /* PersistenceController.swift in Sources */,
				C9689DD928084AA3001C8FB5 /* CreativeSignInUp.swift in Sources */,
				C96BA74F282B30A100BEFD3D /* NavigationLogic.swift in Sources */,
				C9D5642F28B7BEE400DBD631 /* LogoStyle.swift in Sources */,
				C9A8CA5E27ED7DA500116B61 /* SearchBar.swift in Sources */,
				C9A9CEEB2819A08C00D4A1F9 /* LD.swift in Sources */,
				C9DC7C0D28174F9500E8E71C /* Sources.swift in Sources */,
				C9D5642B28B7BD1300DBD631 /* LogIn.swift in Sources */,
				C9689DD72807944A001C8FB5 /* Authorization.swift in Sources */,
				C96BA74D282B2E3A00BEFD3D /* MapForNavigation.swift in Sources */,
				C9A8C9F127ED621000116B61 /* ContentView.swift in Sources */,
				C9DC7C17281828DC00E8E71C /* PagedImageView.swift in Sources */,
				C9A8CA6D27ED7F5300116B61 /* TripPageVM.swift in Sources */,
				C9A8CA3427ED791A00116B61 /* LocationStore.swift in Sources */,
				C92C63A7280A81140035C793 /* ProfilePage.swift in Sources */,
				C9A8CA5527ED7C1A00116B61 /* ChangeStartAndStop.swift in Sources */,
				C9EFD6252826B4B200B3BFDC /* TripPage.swift in Sources */,
				C9A8CA5127ED7BE500116B61 /* TripScreen.swift in Sources */,
				C9A8CA6227ED7DDE00116B61 /* SlideOverCard.swift in Sources */,
				C9A8CA2C27ED784500116B61 /* LocationData.swift in Sources */,
				C936DC992863F51900D10C65 /* Destination.swift in Sources */,
				C9A8CA4B27ED7B2300116B61 /* LocationCollection.swift in Sources */,
				C9A8C9EF27ED621000116B61 /* SpookySpotsApp.swift in Sources */,
				C9D5642728B0855200DBD631 /* AddLocationView.swift in Sources */,
				C9D5642428AF057200DBD631 /* LocationReviewView.swift in Sources */,
				C9A8CA3627ED793300116B61 /* UserStore.swift in Sources */,
				C9A8CA3C27ED79D100116B61 /* LocalSearchService.swift in Sources */,
				C94046DE27F9210A006837D6 /* LargeImageLocationView.swift in Sources */,
				C9A8CA6727ED7EA400116B61 /* CircularButton.swift in Sources */,
				C9A8CA6927ED7F1000116B61 /* ExploreViewModel.swift in Sources */,
				C9FC76D728149AA1005777AF /* Constants.swift in Sources */,
				C91BBB782898C90A005D1968 /* TripCDModel.xcdatamodeld in Sources */,
				C9A8CA6027ED7DC300116B61 /* FiveStars.swift in Sources */,
				C9D5643528BF1DC300DBD631 /* Network.swift in Sources */,
				C9A8CA3027ED78C800116B61 /* Address.swift in Sources */,
				C9EFD62028204E5B00B3BFDC /* FavoritesLogic.swift in Sources */,
				C9D5643328BBE5D100DBD631 /* ManageReviews.swift in Sources */,
				C96BBCED289364540075A86C /* CoreDataManager.swift in Sources */,
				C9A8CA3827ED795600116B61 /* UserLocationManager.swift in Sources */,
				C9A8CA5727ED7C6100116B61 /* ExploreByMap.swift in Sources */,
				C9DC7C0F2817A09100E8E71C /* FullImageDisplay.swift in Sources */,
				C9C1E41C28034B430050EF39 /* MapViewUI.swift in Sources */,
				C94046E427F946A5006837D6 /* HotelPriceModel.swift in Sources */,
				C96A50C127EE2EF600E44B9F /* LocationAnnotationModel.swift in Sources */,
				C9EFD6272826B98800B3BFDC /* TripLogic.swift in Sources */,
				C936DC9D288EF48C00D10C65 /* Route.swift in Sources */,
				C94046EE27F95E82006837D6 /* Review.swift in Sources */,
				C9A8CA5327ED7BFF00116B61 /* MapForTrip.swift in Sources */,
				C938C25628C3C54B006D6D7D /* TheTripPage.swift in Sources */,
				C9D5642228ACBB4800DBD631 /* FavoritesCell.swift in Sources */,
				C9D5643128BAB9AF00DBD631 /* NotificationBanner.swift in Sources */,
				C96A50C727F14CA600E44B9F /* AppDelegate.swift in Sources */,
				C9F3F444282A9EEA00D794CE /* NavigationScreen.swift in Sources */,
				C94046A127F56C97006837D6 /* PagedScrollViewModifier.swift in Sources */,
				C9FC76D928149ECF005777AF /* DatabaseView.swift in Sources */,
				C94046E027F93867006837D6 /* HotelPriceManager.swift in Sources */,
			);
			runOnlyForDeploymentPostprocessing = 0;
		};
		C9A8C9F727ED621000116B61 /* Sources */ = {
			isa = PBXSourcesBuildPhase;
			buildActionMask = 2147483647;
			files = (
				C94046F027FD4C3F006837D6 /* CLGeocoderTests.swift in Sources */,
				C9A8CA0027ED621000116B61 /* SpookySpotsTests.swift in Sources */,
			);
			runOnlyForDeploymentPostprocessing = 0;
		};
		C9A8CA0127ED621100116B61 /* Sources */ = {
			isa = PBXSourcesBuildPhase;
			buildActionMask = 2147483647;
			files = (
				C9A8CA0A27ED621100116B61 /* SpookySpotsUITests.swift in Sources */,
				C9A8CA0C27ED621100116B61 /* SpookySpotsUITestsLaunchTests.swift in Sources */,
			);
			runOnlyForDeploymentPostprocessing = 0;
		};
/* End PBXSourcesBuildPhase section */

/* Begin PBXTargetDependency section */
		C9A8C9FD27ED621000116B61 /* PBXTargetDependency */ = {
			isa = PBXTargetDependency;
			target = C9A8C9EA27ED621000116B61 /* SpookySpots */;
			targetProxy = C9A8C9FC27ED621000116B61 /* PBXContainerItemProxy */;
		};
		C9A8CA0727ED621100116B61 /* PBXTargetDependency */ = {
			isa = PBXTargetDependency;
			target = C9A8C9EA27ED621000116B61 /* SpookySpots */;
			targetProxy = C9A8CA0627ED621100116B61 /* PBXContainerItemProxy */;
		};
/* End PBXTargetDependency section */

/* Begin XCBuildConfiguration section */
		C9A8CA0D27ED621100116B61 /* Debug */ = {
			isa = XCBuildConfiguration;
			buildSettings = {
				ALWAYS_SEARCH_USER_PATHS = NO;
				CLANG_ANALYZER_NONNULL = YES;
				CLANG_ANALYZER_NUMBER_OBJECT_CONVERSION = YES_AGGRESSIVE;
				CLANG_CXX_LANGUAGE_STANDARD = "gnu++17";
				CLANG_ENABLE_MODULES = YES;
				CLANG_ENABLE_OBJC_ARC = YES;
				CLANG_ENABLE_OBJC_WEAK = YES;
				CLANG_WARN_BLOCK_CAPTURE_AUTORELEASING = YES;
				CLANG_WARN_BOOL_CONVERSION = YES;
				CLANG_WARN_COMMA = YES;
				CLANG_WARN_CONSTANT_CONVERSION = YES;
				CLANG_WARN_DEPRECATED_OBJC_IMPLEMENTATIONS = YES;
				CLANG_WARN_DIRECT_OBJC_ISA_USAGE = YES_ERROR;
				CLANG_WARN_DOCUMENTATION_COMMENTS = YES;
				CLANG_WARN_EMPTY_BODY = YES;
				CLANG_WARN_ENUM_CONVERSION = YES;
				CLANG_WARN_INFINITE_RECURSION = YES;
				CLANG_WARN_INT_CONVERSION = YES;
				CLANG_WARN_NON_LITERAL_NULL_CONVERSION = YES;
				CLANG_WARN_OBJC_IMPLICIT_RETAIN_SELF = YES;
				CLANG_WARN_OBJC_LITERAL_CONVERSION = YES;
				CLANG_WARN_OBJC_ROOT_CLASS = YES_ERROR;
				CLANG_WARN_QUOTED_INCLUDE_IN_FRAMEWORK_HEADER = YES;
				CLANG_WARN_RANGE_LOOP_ANALYSIS = YES;
				CLANG_WARN_STRICT_PROTOTYPES = YES;
				CLANG_WARN_SUSPICIOUS_MOVE = YES;
				CLANG_WARN_UNGUARDED_AVAILABILITY = YES_AGGRESSIVE;
				CLANG_WARN_UNREACHABLE_CODE = YES;
				CLANG_WARN__DUPLICATE_METHOD_MATCH = YES;
				COPY_PHASE_STRIP = NO;
				DEBUG_INFORMATION_FORMAT = dwarf;
				ENABLE_STRICT_OBJC_MSGSEND = YES;
				ENABLE_TESTABILITY = YES;
				GCC_C_LANGUAGE_STANDARD = gnu11;
				GCC_DYNAMIC_NO_PIC = NO;
				GCC_NO_COMMON_BLOCKS = YES;
				GCC_OPTIMIZATION_LEVEL = 0;
				GCC_PREPROCESSOR_DEFINITIONS = (
					"DEBUG=1",
					"$(inherited)",
				);
				GCC_WARN_64_TO_32_BIT_CONVERSION = YES;
				GCC_WARN_ABOUT_RETURN_TYPE = YES_ERROR;
				GCC_WARN_UNDECLARED_SELECTOR = YES;
				GCC_WARN_UNINITIALIZED_AUTOS = YES_AGGRESSIVE;
				GCC_WARN_UNUSED_FUNCTION = YES;
				GCC_WARN_UNUSED_VARIABLE = YES;
				IPHONEOS_DEPLOYMENT_TARGET = 15.0;
				MTL_ENABLE_DEBUG_INFO = INCLUDE_SOURCE;
				MTL_FAST_MATH = YES;
				ONLY_ACTIVE_ARCH = YES;
				SDKROOT = iphoneos;
				SWIFT_ACTIVE_COMPILATION_CONDITIONS = DEBUG;
				SWIFT_OPTIMIZATION_LEVEL = "-Onone";
			};
			name = Debug;
		};
		C9A8CA0E27ED621100116B61 /* Release */ = {
			isa = XCBuildConfiguration;
			buildSettings = {
				ALWAYS_SEARCH_USER_PATHS = NO;
				CLANG_ANALYZER_NONNULL = YES;
				CLANG_ANALYZER_NUMBER_OBJECT_CONVERSION = YES_AGGRESSIVE;
				CLANG_CXX_LANGUAGE_STANDARD = "gnu++17";
				CLANG_ENABLE_MODULES = YES;
				CLANG_ENABLE_OBJC_ARC = YES;
				CLANG_ENABLE_OBJC_WEAK = YES;
				CLANG_WARN_BLOCK_CAPTURE_AUTORELEASING = YES;
				CLANG_WARN_BOOL_CONVERSION = YES;
				CLANG_WARN_COMMA = YES;
				CLANG_WARN_CONSTANT_CONVERSION = YES;
				CLANG_WARN_DEPRECATED_OBJC_IMPLEMENTATIONS = YES;
				CLANG_WARN_DIRECT_OBJC_ISA_USAGE = YES_ERROR;
				CLANG_WARN_DOCUMENTATION_COMMENTS = YES;
				CLANG_WARN_EMPTY_BODY = YES;
				CLANG_WARN_ENUM_CONVERSION = YES;
				CLANG_WARN_INFINITE_RECURSION = YES;
				CLANG_WARN_INT_CONVERSION = YES;
				CLANG_WARN_NON_LITERAL_NULL_CONVERSION = YES;
				CLANG_WARN_OBJC_IMPLICIT_RETAIN_SELF = YES;
				CLANG_WARN_OBJC_LITERAL_CONVERSION = YES;
				CLANG_WARN_OBJC_ROOT_CLASS = YES_ERROR;
				CLANG_WARN_QUOTED_INCLUDE_IN_FRAMEWORK_HEADER = YES;
				CLANG_WARN_RANGE_LOOP_ANALYSIS = YES;
				CLANG_WARN_STRICT_PROTOTYPES = YES;
				CLANG_WARN_SUSPICIOUS_MOVE = YES;
				CLANG_WARN_UNGUARDED_AVAILABILITY = YES_AGGRESSIVE;
				CLANG_WARN_UNREACHABLE_CODE = YES;
				CLANG_WARN__DUPLICATE_METHOD_MATCH = YES;
				COPY_PHASE_STRIP = NO;
				DEBUG_INFORMATION_FORMAT = "dwarf-with-dsym";
				ENABLE_NS_ASSERTIONS = NO;
				ENABLE_STRICT_OBJC_MSGSEND = YES;
				GCC_C_LANGUAGE_STANDARD = gnu11;
				GCC_NO_COMMON_BLOCKS = YES;
				GCC_WARN_64_TO_32_BIT_CONVERSION = YES;
				GCC_WARN_ABOUT_RETURN_TYPE = YES_ERROR;
				GCC_WARN_UNDECLARED_SELECTOR = YES;
				GCC_WARN_UNINITIALIZED_AUTOS = YES_AGGRESSIVE;
				GCC_WARN_UNUSED_FUNCTION = YES;
				GCC_WARN_UNUSED_VARIABLE = YES;
				IPHONEOS_DEPLOYMENT_TARGET = 15.0;
				MTL_ENABLE_DEBUG_INFO = NO;
				MTL_FAST_MATH = YES;
				SDKROOT = iphoneos;
				SWIFT_COMPILATION_MODE = wholemodule;
				SWIFT_OPTIMIZATION_LEVEL = "-O";
				VALIDATE_PRODUCT = YES;
			};
			name = Release;
		};
		C9A8CA1027ED621100116B61 /* Debug */ = {
			isa = XCBuildConfiguration;
			baseConfigurationReference = 55D0426BFF2742F7B7CC6ED9 /* Pods-SpookySpots.debug.xcconfig */;
			buildSettings = {
				ASSETCATALOG_COMPILER_APPICON_NAME = AppIcon;
				ASSETCATALOG_COMPILER_GLOBAL_ACCENT_COLOR_NAME = AccentColor;
				ASSETCATALOG_COMPILER_INCLUDE_ALL_APPICON_ASSETS = YES;
				CODE_SIGN_ENTITLEMENTS = SpookySpots/SpookySpots.entitlements;
				CODE_SIGN_STYLE = Automatic;
				CURRENT_PROJECT_VERSION = 1;
				DEVELOPMENT_ASSET_PATHS = "\"SpookySpots/Preview Content\"";
				DEVELOPMENT_TEAM = S9WALA6A8N;
				ENABLE_PREVIEWS = YES;
				GENERATE_INFOPLIST_FILE = YES;
				INFOPLIST_FILE = SpookySpots/Info.plist;
				INFOPLIST_KEY_NSLocationWhenInUseUsageDescription = "We need your location to show you nearby spooky spots.";
				INFOPLIST_KEY_UIApplicationSceneManifest_Generation = YES;
				INFOPLIST_KEY_UIApplicationSupportsIndirectInputEvents = YES;
				INFOPLIST_KEY_UILaunchStoryboardName = LaunchScreen;
				INFOPLIST_KEY_UISupportedInterfaceOrientations = "UIInterfaceOrientationPortrait UIInterfaceOrientationPortraitUpsideDown";
				INFOPLIST_KEY_UISupportedInterfaceOrientations_iPad = "UIInterfaceOrientationPortrait UIInterfaceOrientationPortraitUpsideDown UIInterfaceOrientationLandscapeLeft UIInterfaceOrientationLandscapeRight";
				INFOPLIST_KEY_UISupportedInterfaceOrientations_iPhone = "UIInterfaceOrientationPortrait UIInterfaceOrientationLandscapeLeft UIInterfaceOrientationLandscapeRight";
				LD_RUNPATH_SEARCH_PATHS = (
					"$(inherited)",
					"@executable_path/Frameworks",
				);
				MARKETING_VERSION = 1.0;
				PRODUCT_BUNDLE_IDENTIFIER = beltonS.SpookySpots;
				PRODUCT_NAME = "$(TARGET_NAME)";
				SWIFT_EMIT_LOC_STRINGS = YES;
				SWIFT_VERSION = 5.0;
				TARGETED_DEVICE_FAMILY = "1,2";
			};
			name = Debug;
		};
		C9A8CA1127ED621100116B61 /* Release */ = {
			isa = XCBuildConfiguration;
			baseConfigurationReference = E53B0095E74CC9BCF80AFF55 /* Pods-SpookySpots.release.xcconfig */;
			buildSettings = {
				ASSETCATALOG_COMPILER_APPICON_NAME = AppIcon;
				ASSETCATALOG_COMPILER_GLOBAL_ACCENT_COLOR_NAME = AccentColor;
				ASSETCATALOG_COMPILER_INCLUDE_ALL_APPICON_ASSETS = YES;
				CODE_SIGN_ENTITLEMENTS = SpookySpots/SpookySpots.entitlements;
				CODE_SIGN_STYLE = Automatic;
				CURRENT_PROJECT_VERSION = 1;
				DEVELOPMENT_ASSET_PATHS = "\"SpookySpots/Preview Content\"";
				DEVELOPMENT_TEAM = S9WALA6A8N;
				ENABLE_PREVIEWS = YES;
				GENERATE_INFOPLIST_FILE = YES;
				INFOPLIST_FILE = SpookySpots/Info.plist;
				INFOPLIST_KEY_NSLocationWhenInUseUsageDescription = "We need your location to show you nearby spooky spots.";
				INFOPLIST_KEY_UIApplicationSceneManifest_Generation = YES;
				INFOPLIST_KEY_UIApplicationSupportsIndirectInputEvents = YES;
				INFOPLIST_KEY_UILaunchStoryboardName = LaunchScreen;
				INFOPLIST_KEY_UISupportedInterfaceOrientations = "UIInterfaceOrientationPortrait UIInterfaceOrientationPortraitUpsideDown";
				INFOPLIST_KEY_UISupportedInterfaceOrientations_iPad = "UIInterfaceOrientationPortrait UIInterfaceOrientationPortraitUpsideDown UIInterfaceOrientationLandscapeLeft UIInterfaceOrientationLandscapeRight";
				INFOPLIST_KEY_UISupportedInterfaceOrientations_iPhone = "UIInterfaceOrientationPortrait UIInterfaceOrientationLandscapeLeft UIInterfaceOrientationLandscapeRight";
				LD_RUNPATH_SEARCH_PATHS = (
					"$(inherited)",
					"@executable_path/Frameworks",
				);
				MARKETING_VERSION = 1.0;
				PRODUCT_BUNDLE_IDENTIFIER = beltonS.SpookySpots;
				PRODUCT_NAME = "$(TARGET_NAME)";
				SWIFT_EMIT_LOC_STRINGS = YES;
				SWIFT_VERSION = 5.0;
				TARGETED_DEVICE_FAMILY = "1,2";
			};
			name = Release;
		};
		C9A8CA1327ED621100116B61 /* Debug */ = {
			isa = XCBuildConfiguration;
			baseConfigurationReference = 435461CA08197679A2463ACA /* Pods-SpookySpotsTests.debug.xcconfig */;
			buildSettings = {
				ALWAYS_EMBED_SWIFT_STANDARD_LIBRARIES = YES;
				BUNDLE_LOADER = "$(TEST_HOST)";
				CODE_SIGN_STYLE = Automatic;
				CURRENT_PROJECT_VERSION = 1;
				DEVELOPMENT_TEAM = S9WALA6A8N;
				GENERATE_INFOPLIST_FILE = YES;
				IPHONEOS_DEPLOYMENT_TARGET = 15.4;
				MARKETING_VERSION = 1.0;
				PRODUCT_BUNDLE_IDENTIFIER = beltonS.SpookySpotsTests;
				PRODUCT_NAME = "$(TARGET_NAME)";
				SWIFT_EMIT_LOC_STRINGS = NO;
				SWIFT_VERSION = 5.0;
				TARGETED_DEVICE_FAMILY = "1,2";
				TEST_HOST = "$(BUILT_PRODUCTS_DIR)/SpookySpots.app/SpookySpots";
			};
			name = Debug;
		};
		C9A8CA1427ED621100116B61 /* Release */ = {
			isa = XCBuildConfiguration;
			baseConfigurationReference = 7A834B86C411430A716ACFF8 /* Pods-SpookySpotsTests.release.xcconfig */;
			buildSettings = {
				ALWAYS_EMBED_SWIFT_STANDARD_LIBRARIES = YES;
				BUNDLE_LOADER = "$(TEST_HOST)";
				CODE_SIGN_STYLE = Automatic;
				CURRENT_PROJECT_VERSION = 1;
				DEVELOPMENT_TEAM = S9WALA6A8N;
				GENERATE_INFOPLIST_FILE = YES;
				IPHONEOS_DEPLOYMENT_TARGET = 15.4;
				MARKETING_VERSION = 1.0;
				PRODUCT_BUNDLE_IDENTIFIER = beltonS.SpookySpotsTests;
				PRODUCT_NAME = "$(TARGET_NAME)";
				SWIFT_EMIT_LOC_STRINGS = NO;
				SWIFT_VERSION = 5.0;
				TARGETED_DEVICE_FAMILY = "1,2";
				TEST_HOST = "$(BUILT_PRODUCTS_DIR)/SpookySpots.app/SpookySpots";
			};
			name = Release;
		};
		C9A8CA1627ED621100116B61 /* Debug */ = {
			isa = XCBuildConfiguration;
			baseConfigurationReference = 57B6433C7649D0A19E873DE4 /* Pods-SpookySpots-SpookySpotsUITests.debug.xcconfig */;
			buildSettings = {
				ALWAYS_EMBED_SWIFT_STANDARD_LIBRARIES = YES;
				CODE_SIGN_STYLE = Automatic;
				CURRENT_PROJECT_VERSION = 1;
				DEVELOPMENT_TEAM = S9WALA6A8N;
				GENERATE_INFOPLIST_FILE = YES;
				MARKETING_VERSION = 1.0;
				PRODUCT_BUNDLE_IDENTIFIER = beltonS.SpookySpotsUITests;
				PRODUCT_NAME = "$(TARGET_NAME)";
				SWIFT_EMIT_LOC_STRINGS = NO;
				SWIFT_VERSION = 5.0;
				TARGETED_DEVICE_FAMILY = "1,2";
				TEST_TARGET_NAME = SpookySpots;
			};
			name = Debug;
		};
		C9A8CA1727ED621100116B61 /* Release */ = {
			isa = XCBuildConfiguration;
			baseConfigurationReference = A9F8889D78EF0D4527820B69 /* Pods-SpookySpots-SpookySpotsUITests.release.xcconfig */;
			buildSettings = {
				ALWAYS_EMBED_SWIFT_STANDARD_LIBRARIES = YES;
				CODE_SIGN_STYLE = Automatic;
				CURRENT_PROJECT_VERSION = 1;
				DEVELOPMENT_TEAM = S9WALA6A8N;
				GENERATE_INFOPLIST_FILE = YES;
				MARKETING_VERSION = 1.0;
				PRODUCT_BUNDLE_IDENTIFIER = beltonS.SpookySpotsUITests;
				PRODUCT_NAME = "$(TARGET_NAME)";
				SWIFT_EMIT_LOC_STRINGS = NO;
				SWIFT_VERSION = 5.0;
				TARGETED_DEVICE_FAMILY = "1,2";
				TEST_TARGET_NAME = SpookySpots;
			};
			name = Release;
		};
/* End XCBuildConfiguration section */

/* Begin XCConfigurationList section */
		C9A8C9E627ED621000116B61 /* Build configuration list for PBXProject "SpookySpots" */ = {
			isa = XCConfigurationList;
			buildConfigurations = (
				C9A8CA0D27ED621100116B61 /* Debug */,
				C9A8CA0E27ED621100116B61 /* Release */,
			);
			defaultConfigurationIsVisible = 0;
			defaultConfigurationName = Release;
		};
		C9A8CA0F27ED621100116B61 /* Build configuration list for PBXNativeTarget "SpookySpots" */ = {
			isa = XCConfigurationList;
			buildConfigurations = (
				C9A8CA1027ED621100116B61 /* Debug */,
				C9A8CA1127ED621100116B61 /* Release */,
			);
			defaultConfigurationIsVisible = 0;
			defaultConfigurationName = Release;
		};
		C9A8CA1227ED621100116B61 /* Build configuration list for PBXNativeTarget "SpookySpotsTests" */ = {
			isa = XCConfigurationList;
			buildConfigurations = (
				C9A8CA1327ED621100116B61 /* Debug */,
				C9A8CA1427ED621100116B61 /* Release */,
			);
			defaultConfigurationIsVisible = 0;
			defaultConfigurationName = Release;
		};
		C9A8CA1527ED621100116B61 /* Build configuration list for PBXNativeTarget "SpookySpotsUITests" */ = {
			isa = XCConfigurationList;
			buildConfigurations = (
				C9A8CA1627ED621100116B61 /* Debug */,
				C9A8CA1727ED621100116B61 /* Release */,
			);
			defaultConfigurationIsVisible = 0;
			defaultConfigurationName = Release;
		};
/* End XCConfigurationList section */

/* Begin XCRemoteSwiftPackageReference section */
		C9A8CA6E27ED800900116B61 /* XCRemoteSwiftPackageReference "SDWebImageSwiftUI" */ = {
			isa = XCRemoteSwiftPackageReference;
			repositoryURL = "https://github.com/SDWebImage/SDWebImageSwiftUI.git";
			requirement = {
				kind = upToNextMajorVersion;
				minimumVersion = 2.0.0;
			};
		};
/* End XCRemoteSwiftPackageReference section */

/* Begin XCSwiftPackageProductDependency section */
		C9A8CA6F27ED800900116B61 /* SDWebImageSwiftUI */ = {
			isa = XCSwiftPackageProductDependency;
			package = C9A8CA6E27ED800900116B61 /* XCRemoteSwiftPackageReference "SDWebImageSwiftUI" */;
			productName = SDWebImageSwiftUI;
		};
/* End XCSwiftPackageProductDependency section */

/* Begin XCVersionGroup section */
		C91BBB762898C90A005D1968 /* TripCDModel.xcdatamodeld */ = {
			isa = XCVersionGroup;
			children = (
				C91BBB772898C90A005D1968 /* TripCDModel.xcdatamodel */,
			);
			currentVersion = C91BBB772898C90A005D1968 /* TripCDModel.xcdatamodel */;
			path = TripCDModel.xcdatamodeld;
			sourceTree = "<group>";
			versionGroupType = wrapper.xcdatamodel;
		};
/* End XCVersionGroup section */
	};
	rootObject = C9A8C9E327ED621000116B61 /* Project object */;
}
